
Microsoft Visual Studio Solution File, Format Version 12.00
# Visual Studio Version 17
VisualStudioVersion = 17.11.35327.3
MinimumVisualStudioVersion = 10.0.40219.1
Project("{2150E333-8FDC-42A3-9474-1A3956D46DE8}") = "001_Bumble Sort", "001_Bumble Sort", "{FA780CF3-9699-494A-9F1A-FD9B2C090282}"
EndProject
Project("{9A19103F-16F7-4668-BE54-9A1E7A4F7556}") = "BumbleSort", "BumbleSort\BumbleSort.csproj", "{F519D76A-DBD5-4393-A40E-F3AED89CDB79}"
EndProject
Project("{2150E333-8FDC-42A3-9474-1A3956D46DE8}") = "Sortings", "Sortings", "{BDDC50CD-5B38-46A8-B232-315B75A3E701}"
EndProject
Project("{2150E333-8FDC-42A3-9474-1A3956D46DE8}") = "Tests", "Tests", "{E1162E71-6B94-4D22-9121-51EEF7FAA51A}"
EndProject
Project("{FAE04EC0-301F-11D3-BF4B-00C04F79EFBC}") = "SortingTests", "SortingTests\SortingTests.csproj", "{97757E0F-28DB-4B75-BD48-6BA4C915126D}"
EndProject
Project("{2150E333-8FDC-42A3-9474-1A3956D46DE8}") = "002_CoctailSort", "002_CoctailSort", "{2595E2FA-5F62-47DD-B7B1-00418704D21A}"
EndProject
Project("{FAE04EC0-301F-11D3-BF4B-00C04F79EFBC}") = "CoctailSort", "CoctailSort\CoctailSort.csproj", "{DDA2611A-14CE-4459-A8FA-58BA6F05B4D1}"
EndProject
Project("{2150E333-8FDC-42A3-9474-1A3956D46DE8}") = "003_InsertionSort", "003_InsertionSort", "{A49675E5-331F-4C80-A4B4-0E69F4997B0D}"
EndProject
Project("{FAE04EC0-301F-11D3-BF4B-00C04F79EFBC}") = "InsertionSort", "InsertionSort\InsertionSort.csproj", "{90CCD073-69F7-4FBF-9EE9-268D5D03409C}"
EndProject
Project("{2150E333-8FDC-42A3-9474-1A3956D46DE8}") = "004_SelectionSort", "004_SelectionSort", "{498C8883-F27F-4A0B-9C47-DE0D2C2B2A3E}"
EndProject
Project("{FAE04EC0-301F-11D3-BF4B-00C04F79EFBC}") = "SelectionSort", "SelectionSort\SelectionSort.csproj", "{C63C0532-B1D0-41D2-A2DE-8FABAF46DE71}"
EndProject
Project("{2150E333-8FDC-42A3-9474-1A3956D46DE8}") = "005_ShellSort", "005_ShellSort", "{6A47EEA8-37C5-49EB-9A38-D5CADC876636}"
EndProject
Project("{FAE04EC0-301F-11D3-BF4B-00C04F79EFBC}") = "ShellSort", "ShellSort\ShellSort.csproj", "{ED8338F0-24E8-45A8-8207-0BDCAC5CA712}"
EndProject
Project("{2150E333-8FDC-42A3-9474-1A3956D46DE8}") = "006_BinaryTreeSort", "006_BinaryTreeSort", "{7F0C3D03-932B-4514-84AA-692E149BEF44}"
EndProject
Project("{FAE04EC0-301F-11D3-BF4B-00C04F79EFBC}") = "BinaryTreeSort", "BinaryTreeSort\BinaryTreeSort.csproj", "{D340B6C3-7BA7-4D99-B3DC-086A649E2D81}"
EndProject
Global
	GlobalSection(SolutionConfigurationPlatforms) = preSolution
		Debug|Any CPU = Debug|Any CPU
		Release|Any CPU = Release|Any CPU
	EndGlobalSection
	GlobalSection(ProjectConfigurationPlatforms) = postSolution
		{F519D76A-DBD5-4393-A40E-F3AED89CDB79}.Debug|Any CPU.ActiveCfg = Debug|Any CPU
		{F519D76A-DBD5-4393-A40E-F3AED89CDB79}.Debug|Any CPU.Build.0 = Debug|Any CPU
		{F519D76A-DBD5-4393-A40E-F3AED89CDB79}.Release|Any CPU.ActiveCfg = Release|Any CPU
		{F519D76A-DBD5-4393-A40E-F3AED89CDB79}.Release|Any CPU.Build.0 = Release|Any CPU
		{97757E0F-28DB-4B75-BD48-6BA4C915126D}.Debug|Any CPU.ActiveCfg = Debug|Any CPU
		{97757E0F-28DB-4B75-BD48-6BA4C915126D}.Debug|Any CPU.Build.0 = Debug|Any CPU
		{97757E0F-28DB-4B75-BD48-6BA4C915126D}.Release|Any CPU.ActiveCfg = Release|Any CPU
		{97757E0F-28DB-4B75-BD48-6BA4C915126D}.Release|Any CPU.Build.0 = Release|Any CPU
		{DDA2611A-14CE-4459-A8FA-58BA6F05B4D1}.Debug|Any CPU.ActiveCfg = Debug|Any CPU
		{DDA2611A-14CE-4459-A8FA-58BA6F05B4D1}.Debug|Any CPU.Build.0 = Debug|Any CPU
		{DDA2611A-14CE-4459-A8FA-58BA6F05B4D1}.Release|Any CPU.ActiveCfg = Release|Any CPU
		{DDA2611A-14CE-4459-A8FA-58BA6F05B4D1}.Release|Any CPU.Build.0 = Release|Any CPU
		{90CCD073-69F7-4FBF-9EE9-268D5D03409C}.Debug|Any CPU.ActiveCfg = Debug|Any CPU
		{90CCD073-69F7-4FBF-9EE9-268D5D03409C}.Debug|Any CPU.Build.0 = Debug|Any CPU
		{90CCD073-69F7-4FBF-9EE9-268D5D03409C}.Release|Any CPU.ActiveCfg = Release|Any CPU
		{90CCD073-69F7-4FBF-9EE9-268D5D03409C}.Release|Any CPU.Build.0 = Release|Any CPU
		{C63C0532-B1D0-41D2-A2DE-8FABAF46DE71}.Debug|Any CPU.ActiveCfg = Debug|Any CPU
		{C63C0532-B1D0-41D2-A2DE-8FABAF46DE71}.Debug|Any CPU.Build.0 = Debug|Any CPU
		{C63C0532-B1D0-41D2-A2DE-8FABAF46DE71}.Release|Any CPU.ActiveCfg = Release|Any CPU
		{C63C0532-B1D0-41D2-A2DE-8FABAF46DE71}.Release|Any CPU.Build.0 = Release|Any CPU
		{ED8338F0-24E8-45A8-8207-0BDCAC5CA712}.Debug|Any CPU.ActiveCfg = Debug|Any CPU
		{ED8338F0-24E8-45A8-8207-0BDCAC5CA712}.Debug|Any CPU.Build.0 = Debug|Any CPU
		{ED8338F0-24E8-45A8-8207-0BDCAC5CA712}.Release|Any CPU.ActiveCfg = Release|Any CPU
		{ED8338F0-24E8-45A8-8207-0BDCAC5CA712}.Release|Any CPU.Build.0 = Release|Any CPU
		{D340B6C3-7BA7-4D99-B3DC-086A649E2D81}.Debug|Any CPU.ActiveCfg = Debug|Any CPU
		{D340B6C3-7BA7-4D99-B3DC-086A649E2D81}.Debug|Any CPU.Build.0 = Debug|Any CPU
		{D340B6C3-7BA7-4D99-B3DC-086A649E2D81}.Release|Any CPU.ActiveCfg = Release|Any CPU
		{D340B6C3-7BA7-4D99-B3DC-086A649E2D81}.Release|Any CPU.Build.0 = Release|Any CPU
	EndGlobalSection
	GlobalSection(SolutionProperties) = preSolution
		HideSolutionNode = FALSE
	EndGlobalSection
	GlobalSection(NestedProjects) = preSolution
		{FA780CF3-9699-494A-9F1A-FD9B2C090282} = {BDDC50CD-5B38-46A8-B232-315B75A3E701}
		{F519D76A-DBD5-4393-A40E-F3AED89CDB79} = {FA780CF3-9699-494A-9F1A-FD9B2C090282}
		{97757E0F-28DB-4B75-BD48-6BA4C915126D} = {E1162E71-6B94-4D22-9121-51EEF7FAA51A}
		{2595E2FA-5F62-47DD-B7B1-00418704D21A} = {BDDC50CD-5B38-46A8-B232-315B75A3E701}
		{DDA2611A-14CE-4459-A8FA-58BA6F05B4D1} = {2595E2FA-5F62-47DD-B7B1-00418704D21A}
		{A49675E5-331F-4C80-A4B4-0E69F4997B0D} = {BDDC50CD-5B38-46A8-B232-315B75A3E701}
		{90CCD073-69F7-4FBF-9EE9-268D5D03409C} = {A49675E5-331F-4C80-A4B4-0E69F4997B0D}
		{498C8883-F27F-4A0B-9C47-DE0D2C2B2A3E} = {BDDC50CD-5B38-46A8-B232-315B75A3E701}
		{C63C0532-B1D0-41D2-A2DE-8FABAF46DE71} = {498C8883-F27F-4A0B-9C47-DE0D2C2B2A3E}
		{6A47EEA8-37C5-49EB-9A38-D5CADC876636} = {BDDC50CD-5B38-46A8-B232-315B75A3E701}
		{ED8338F0-24E8-45A8-8207-0BDCAC5CA712} = {6A47EEA8-37C5-49EB-9A38-D5CADC876636}
		{7F0C3D03-932B-4514-84AA-692E149BEF44} = {BDDC50CD-5B38-46A8-B232-315B75A3E701}
		{D340B6C3-7BA7-4D99-B3DC-086A649E2D81} = {7F0C3D03-932B-4514-84AA-692E149BEF44}
	EndGlobalSection
	GlobalSection(ExtensibilityGlobals) = postSolution
		SolutionGuid = {BE16F4A0-C5FA-42D8-8EFB-666580D1C884}
	EndGlobalSection
EndGlobal
