
Microsoft Visual Studio Solution File, Format Version 12.00
# Visual Studio Version 17
VisualStudioVersion = 17.11.35327.3
MinimumVisualStudioVersion = 10.0.40219.1
Project("{2150E333-8FDC-42A3-9474-1A3956D46DE8}") = "001_Bumble Sort", "001_Bumble Sort", "{FA780CF3-9699-494A-9F1A-FD9B2C090282}"
EndProject
Project("{9A19103F-16F7-4668-BE54-9A1E7A4F7556}") = "BumbleSort", "BumbleSort\BumbleSort.csproj", "{F519D76A-DBD5-4393-A40E-F3AED89CDB79}"
EndProject
Project("{2150E333-8FDC-42A3-9474-1A3956D46DE8}") = "Sortings", "Sortings", "{BDDC50CD-5B38-46A8-B232-315B75A3E701}"
EndProject
Project("{2150E333-8FDC-42A3-9474-1A3956D46DE8}") = "Tests", "Tests", "{E1162E71-6B94-4D22-9121-51EEF7FAA51A}"
EndProject
Project("{FAE04EC0-301F-11D3-BF4B-00C04F79EFBC}") = "SortingTests", "SortingTests\SortingTests.csproj", "{97757E0F-28DB-4B75-BD48-6BA4C915126D}"
EndProject
Project("{2150E333-8FDC-42A3-9474-1A3956D46DE8}") = "002_CoctailSort", "002_CoctailSort", "{2595E2FA-5F62-47DD-B7B1-00418704D21A}"
EndProject
Project("{FAE04EC0-301F-11D3-BF4B-00C04F79EFBC}") = "CoctailSort", "CoctailSort\CoctailSort.csproj", "{DDA2611A-14CE-4459-A8FA-58BA6F05B4D1}"
EndProject
Project("{2150E333-8FDC-42A3-9474-1A3956D46DE8}") = "003_InsertionSort", "003_InsertionSort", "{A49675E5-331F-4C80-A4B4-0E69F4997B0D}"
EndProject
Project("{FAE04EC0-301F-11D3-BF4B-00C04F79EFBC}") = "InsertionSort", "InsertionSort\InsertionSort.csproj", "{90CCD073-69F7-4FBF-9EE9-268D5D03409C}"
EndProject
Project("{2150E333-8FDC-42A3-9474-1A3956D46DE8}") = "004_SelectionSort", "004_SelectionSort", "{498C8883-F27F-4A0B-9C47-DE0D2C2B2A3E}"
EndProject
Project("{FAE04EC0-301F-11D3-BF4B-00C04F79EFBC}") = "SelectionSort", "SelectionSort\SelectionSort.csproj", "{C63C0532-B1D0-41D2-A2DE-8FABAF46DE71}"
EndProject
Project("{2150E333-8FDC-42A3-9474-1A3956D46DE8}") = "005_ShellSort", "005_ShellSort", "{6A47EEA8-37C5-49EB-9A38-D5CADC876636}"
EndProject
Project("{FAE04EC0-301F-11D3-BF4B-00C04F79EFBC}") = "ShellSort", "ShellSort\ShellSort.csproj", "{ED8338F0-24E8-45A8-8207-0BDCAC5CA712}"
EndProject
Project("{2150E333-8FDC-42A3-9474-1A3956D46DE8}") = "006_BinaryTreeSort", "006_BinaryTreeSort", "{7F0C3D03-932B-4514-84AA-692E149BEF44}"
EndProject
Project("{FAE04EC0-301F-11D3-BF4B-00C04F79EFBC}") = "BinaryTreeSort", "BinaryTreeSort\BinaryTreeSort.csproj", "{D340B6C3-7BA7-4D99-B3DC-086A649E2D81}"
EndProject
Project("{2150E333-8FDC-42A3-9474-1A3956D46DE8}") = "007_HeapSort", "007_HeapSort", "{A73B2BC2-2878-4412-BB60-E4ACA375874C}"
EndProject
Project("{FAE04EC0-301F-11D3-BF4B-00C04F79EFBC}") = "HeapSort", "HeapSort\HeapSort.csproj", "{B726B222-1090-48C0-A722-D5BCA015F1D9}"
EndProject
Project("{2150E333-8FDC-42A3-9474-1A3956D46DE8}") = "008_GnomeSort", "008_GnomeSort", "{096A426E-7D01-4491-8A95-394FC78A3436}"
EndProject
Project("{FAE04EC0-301F-11D3-BF4B-00C04F79EFBC}") = "GnomeSort", "GnomeSort\GnomeSort.csproj", "{FA4DE2A4-85CA-4F13-8416-77C277F314C6}"
EndProject
Project("{2150E333-8FDC-42A3-9474-1A3956D46DE8}") = "009_MergeSort", "009_MergeSort", "{1D978552-934C-40AC-A7DC-5C1B1E30C97F}"
EndProject
Project("{FAE04EC0-301F-11D3-BF4B-00C04F79EFBC}") = "MergeSort", "MergeSort\MergeSort.csproj", "{7E7F84CA-8992-45C2-B740-4B1E33CDD2D8}"
EndProject
Project("{2150E333-8FDC-42A3-9474-1A3956D46DE8}") = "010_QuickSort", "010_QuickSort", "{E2A82949-0BBB-49DE-B5F2-A27ED91AB11D}"
EndProject
Project("{FAE04EC0-301F-11D3-BF4B-00C04F79EFBC}") = "QuickSort", "QuickSort\QuickSort.csproj", "{CB3EE136-A311-4C99-9B42-8A3BF56487B1}"
EndProject
Project("{2150E333-8FDC-42A3-9474-1A3956D46DE8}") = "011_LSD", "011_LSD", "{F487C492-4949-44F4-B2D0-31F9EE321695}"
EndProject
Project("{FAE04EC0-301F-11D3-BF4B-00C04F79EFBC}") = "LSD", "LSD\LSD.csproj", "{477FFA8E-6593-4EFD-89A8-33D3EDEC348F}"
EndProject
Global
	GlobalSection(SolutionConfigurationPlatforms) = preSolution
		Debug|Any CPU = Debug|Any CPU
		Release|Any CPU = Release|Any CPU
	EndGlobalSection
	GlobalSection(ProjectConfigurationPlatforms) = postSolution
		{F519D76A-DBD5-4393-A40E-F3AED89CDB79}.Debug|Any CPU.ActiveCfg = Debug|Any CPU
		{F519D76A-DBD5-4393-A40E-F3AED89CDB79}.Debug|Any CPU.Build.0 = Debug|Any CPU
		{F519D76A-DBD5-4393-A40E-F3AED89CDB79}.Release|Any CPU.ActiveCfg = Release|Any CPU
		{F519D76A-DBD5-4393-A40E-F3AED89CDB79}.Release|Any CPU.Build.0 = Release|Any CPU
		{97757E0F-28DB-4B75-BD48-6BA4C915126D}.Debug|Any CPU.ActiveCfg = Debug|Any CPU
		{97757E0F-28DB-4B75-BD48-6BA4C915126D}.Debug|Any CPU.Build.0 = Debug|Any CPU
		{97757E0F-28DB-4B75-BD48-6BA4C915126D}.Release|Any CPU.ActiveCfg = Release|Any CPU
		{97757E0F-28DB-4B75-BD48-6BA4C915126D}.Release|Any CPU.Build.0 = Release|Any CPU
		{DDA2611A-14CE-4459-A8FA-58BA6F05B4D1}.Debug|Any CPU.ActiveCfg = Debug|Any CPU
		{DDA2611A-14CE-4459-A8FA-58BA6F05B4D1}.Debug|Any CPU.Build.0 = Debug|Any CPU
		{DDA2611A-14CE-4459-A8FA-58BA6F05B4D1}.Release|Any CPU.ActiveCfg = Release|Any CPU
		{DDA2611A-14CE-4459-A8FA-58BA6F05B4D1}.Release|Any CPU.Build.0 = Release|Any CPU
		{90CCD073-69F7-4FBF-9EE9-268D5D03409C}.Debug|Any CPU.ActiveCfg = Debug|Any CPU
		{90CCD073-69F7-4FBF-9EE9-268D5D03409C}.Debug|Any CPU.Build.0 = Debug|Any CPU
		{90CCD073-69F7-4FBF-9EE9-268D5D03409C}.Release|Any CPU.ActiveCfg = Release|Any CPU
		{90CCD073-69F7-4FBF-9EE9-268D5D03409C}.Release|Any CPU.Build.0 = Release|Any CPU
		{C63C0532-B1D0-41D2-A2DE-8FABAF46DE71}.Debug|Any CPU.ActiveCfg = Debug|Any CPU
		{C63C0532-B1D0-41D2-A2DE-8FABAF46DE71}.Debug|Any CPU.Build.0 = Debug|Any CPU
		{C63C0532-B1D0-41D2-A2DE-8FABAF46DE71}.Release|Any CPU.ActiveCfg = Release|Any CPU
		{C63C0532-B1D0-41D2-A2DE-8FABAF46DE71}.Release|Any CPU.Build.0 = Release|Any CPU
		{ED8338F0-24E8-45A8-8207-0BDCAC5CA712}.Debug|Any CPU.ActiveCfg = Debug|Any CPU
		{ED8338F0-24E8-45A8-8207-0BDCAC5CA712}.Debug|Any CPU.Build.0 = Debug|Any CPU
		{ED8338F0-24E8-45A8-8207-0BDCAC5CA712}.Release|Any CPU.ActiveCfg = Release|Any CPU
		{ED8338F0-24E8-45A8-8207-0BDCAC5CA712}.Release|Any CPU.Build.0 = Release|Any CPU
		{D340B6C3-7BA7-4D99-B3DC-086A649E2D81}.Debug|Any CPU.ActiveCfg = Debug|Any CPU
		{D340B6C3-7BA7-4D99-B3DC-086A649E2D81}.Debug|Any CPU.Build.0 = Debug|Any CPU
		{D340B6C3-7BA7-4D99-B3DC-086A649E2D81}.Release|Any CPU.ActiveCfg = Release|Any CPU
		{D340B6C3-7BA7-4D99-B3DC-086A649E2D81}.Release|Any CPU.Build.0 = Release|Any CPU
		{B726B222-1090-48C0-A722-D5BCA015F1D9}.Debug|Any CPU.ActiveCfg = Debug|Any CPU
		{B726B222-1090-48C0-A722-D5BCA015F1D9}.Debug|Any CPU.Build.0 = Debug|Any CPU
		{B726B222-1090-48C0-A722-D5BCA015F1D9}.Release|Any CPU.ActiveCfg = Release|Any CPU
		{B726B222-1090-48C0-A722-D5BCA015F1D9}.Release|Any CPU.Build.0 = Release|Any CPU
		{FA4DE2A4-85CA-4F13-8416-77C277F314C6}.Debug|Any CPU.ActiveCfg = Debug|Any CPU
		{FA4DE2A4-85CA-4F13-8416-77C277F314C6}.Debug|Any CPU.Build.0 = Debug|Any CPU
		{FA4DE2A4-85CA-4F13-8416-77C277F314C6}.Release|Any CPU.ActiveCfg = Release|Any CPU
		{FA4DE2A4-85CA-4F13-8416-77C277F314C6}.Release|Any CPU.Build.0 = Release|Any CPU
		{7E7F84CA-8992-45C2-B740-4B1E33CDD2D8}.Debug|Any CPU.ActiveCfg = Debug|Any CPU
		{7E7F84CA-8992-45C2-B740-4B1E33CDD2D8}.Debug|Any CPU.Build.0 = Debug|Any CPU
		{7E7F84CA-8992-45C2-B740-4B1E33CDD2D8}.Release|Any CPU.ActiveCfg = Release|Any CPU
		{7E7F84CA-8992-45C2-B740-4B1E33CDD2D8}.Release|Any CPU.Build.0 = Release|Any CPU
		{CB3EE136-A311-4C99-9B42-8A3BF56487B1}.Debug|Any CPU.ActiveCfg = Debug|Any CPU
		{CB3EE136-A311-4C99-9B42-8A3BF56487B1}.Debug|Any CPU.Build.0 = Debug|Any CPU
		{CB3EE136-A311-4C99-9B42-8A3BF56487B1}.Release|Any CPU.ActiveCfg = Release|Any CPU
		{CB3EE136-A311-4C99-9B42-8A3BF56487B1}.Release|Any CPU.Build.0 = Release|Any CPU
		{477FFA8E-6593-4EFD-89A8-33D3EDEC348F}.Debug|Any CPU.ActiveCfg = Debug|Any CPU
		{477FFA8E-6593-4EFD-89A8-33D3EDEC348F}.Debug|Any CPU.Build.0 = Debug|Any CPU
		{477FFA8E-6593-4EFD-89A8-33D3EDEC348F}.Release|Any CPU.ActiveCfg = Release|Any CPU
		{477FFA8E-6593-4EFD-89A8-33D3EDEC348F}.Release|Any CPU.Build.0 = Release|Any CPU
	EndGlobalSection
	GlobalSection(SolutionProperties) = preSolution
		HideSolutionNode = FALSE
	EndGlobalSection
	GlobalSection(NestedProjects) = preSolution
		{FA780CF3-9699-494A-9F1A-FD9B2C090282} = {BDDC50CD-5B38-46A8-B232-315B75A3E701}
		{F519D76A-DBD5-4393-A40E-F3AED89CDB79} = {FA780CF3-9699-494A-9F1A-FD9B2C090282}
		{97757E0F-28DB-4B75-BD48-6BA4C915126D} = {E1162E71-6B94-4D22-9121-51EEF7FAA51A}
		{2595E2FA-5F62-47DD-B7B1-00418704D21A} = {BDDC50CD-5B38-46A8-B232-315B75A3E701}
		{DDA2611A-14CE-4459-A8FA-58BA6F05B4D1} = {2595E2FA-5F62-47DD-B7B1-00418704D21A}
		{A49675E5-331F-4C80-A4B4-0E69F4997B0D} = {BDDC50CD-5B38-46A8-B232-315B75A3E701}
		{90CCD073-69F7-4FBF-9EE9-268D5D03409C} = {A49675E5-331F-4C80-A4B4-0E69F4997B0D}
		{498C8883-F27F-4A0B-9C47-DE0D2C2B2A3E} = {BDDC50CD-5B38-46A8-B232-315B75A3E701}
		{C63C0532-B1D0-41D2-A2DE-8FABAF46DE71} = {498C8883-F27F-4A0B-9C47-DE0D2C2B2A3E}
		{6A47EEA8-37C5-49EB-9A38-D5CADC876636} = {BDDC50CD-5B38-46A8-B232-315B75A3E701}
		{ED8338F0-24E8-45A8-8207-0BDCAC5CA712} = {6A47EEA8-37C5-49EB-9A38-D5CADC876636}
		{7F0C3D03-932B-4514-84AA-692E149BEF44} = {BDDC50CD-5B38-46A8-B232-315B75A3E701}
		{D340B6C3-7BA7-4D99-B3DC-086A649E2D81} = {7F0C3D03-932B-4514-84AA-692E149BEF44}
		{A73B2BC2-2878-4412-BB60-E4ACA375874C} = {BDDC50CD-5B38-46A8-B232-315B75A3E701}
		{B726B222-1090-48C0-A722-D5BCA015F1D9} = {A73B2BC2-2878-4412-BB60-E4ACA375874C}
		{096A426E-7D01-4491-8A95-394FC78A3436} = {BDDC50CD-5B38-46A8-B232-315B75A3E701}
		{FA4DE2A4-85CA-4F13-8416-77C277F314C6} = {096A426E-7D01-4491-8A95-394FC78A3436}
		{1D978552-934C-40AC-A7DC-5C1B1E30C97F} = {BDDC50CD-5B38-46A8-B232-315B75A3E701}
		{7E7F84CA-8992-45C2-B740-4B1E33CDD2D8} = {1D978552-934C-40AC-A7DC-5C1B1E30C97F}
		{E2A82949-0BBB-49DE-B5F2-A27ED91AB11D} = {BDDC50CD-5B38-46A8-B232-315B75A3E701}
		{CB3EE136-A311-4C99-9B42-8A3BF56487B1} = {E2A82949-0BBB-49DE-B5F2-A27ED91AB11D}
		{F487C492-4949-44F4-B2D0-31F9EE321695} = {BDDC50CD-5B38-46A8-B232-315B75A3E701}
		{477FFA8E-6593-4EFD-89A8-33D3EDEC348F} = {F487C492-4949-44F4-B2D0-31F9EE321695}
	EndGlobalSection
	GlobalSection(ExtensibilityGlobals) = postSolution
		SolutionGuid = {BE16F4A0-C5FA-42D8-8EFB-666580D1C884}
	EndGlobalSection
EndGlobal
