
Microsoft Visual Studio Solution File, Format Version 12.00
# Visual Studio Version 17
VisualStudioVersion = 17.11.35327.3
MinimumVisualStudioVersion = 10.0.40219.1
Project("{2150E333-8FDC-42A3-9474-1A3956D46DE8}") = "001_Bumble Sort", "001_Bumble Sort", "{FA780CF3-9699-494A-9F1A-FD9B2C090282}"
EndProject
Project("{FAE04EC0-301F-11D3-BF4B-00C04F79EFBC}") = "BumbleSort", "BumbleSort\BumbleSort.csproj", "{F519D76A-DBD5-4393-A40E-F3AED89CDB79}"
EndProject
Project("{2150E333-8FDC-42A3-9474-1A3956D46DE8}") = "Sortings", "Sortings", "{BDDC50CD-5B38-46A8-B232-315B75A3E701}"
EndProject
Project("{2150E333-8FDC-42A3-9474-1A3956D46DE8}") = "Tests", "Tests", "{E1162E71-6B94-4D22-9121-51EEF7FAA51A}"
EndProject
Global
	GlobalSection(SolutionConfigurationPlatforms) = preSolution
		Debug|Any CPU = Debug|Any CPU
		Release|Any CPU = Release|Any CPU
	EndGlobalSection
	GlobalSection(ProjectConfigurationPlatforms) = postSolution
		{F519D76A-DBD5-4393-A40E-F3AED89CDB79}.Debug|Any CPU.ActiveCfg = Debug|Any CPU
		{F519D76A-DBD5-4393-A40E-F3AED89CDB79}.Debug|Any CPU.Build.0 = Debug|Any CPU
		{F519D76A-DBD5-4393-A40E-F3AED89CDB79}.Release|Any CPU.ActiveCfg = Release|Any CPU
		{F519D76A-DBD5-4393-A40E-F3AED89CDB79}.Release|Any CPU.Build.0 = Release|Any CPU
	EndGlobalSection
	GlobalSection(SolutionProperties) = preSolution
		HideSolutionNode = FALSE
	EndGlobalSection
	GlobalSection(NestedProjects) = preSolution
		{FA780CF3-9699-494A-9F1A-FD9B2C090282} = {BDDC50CD-5B38-46A8-B232-315B75A3E701}
		{F519D76A-DBD5-4393-A40E-F3AED89CDB79} = {FA780CF3-9699-494A-9F1A-FD9B2C090282}
	EndGlobalSection
	GlobalSection(ExtensibilityGlobals) = postSolution
		SolutionGuid = {BE16F4A0-C5FA-42D8-8EFB-666580D1C884}
	EndGlobalSection
EndGlobal
